
Microsoft Visual Studio Solution File, Format Version 12.00
# Visual Studio Version 17
VisualStudioVersion = 17.1.32210.238
MinimumVisualStudioVersion = 10.0.40219.1
Project("{9A19103F-16F7-4668-BE54-9A1E7A4F7556}") = "Net Core Server", "Net Core Server\Net Core Server.csproj", "{6975993A-C6A3-46A5-93F9-64D3CC9854EB}"
EndProject
Project("{9A19103F-16F7-4668-BE54-9A1E7A4F7556}") = "Client Tests", "Client Tests\Client Tests.csproj", "{F267685E-C5B0-4807-AABD-0B25AF656B54}"
EndProject
Project("{9A19103F-16F7-4668-BE54-9A1E7A4F7556}") = "Client", "Client\Client.csproj", "{79132722-9373-418D-996A-F038845E68DF}"
EndProject
Project("{9A19103F-16F7-4668-BE54-9A1E7A4F7556}") = "Net Core ServerTests", "Net Core ServerTests\Net Core ServerTests.csproj", "{CC668DA3-0A5A-47E1-A1A2-F43B6DADA6BE}"
EndProject
Global
	GlobalSection(SolutionConfigurationPlatforms) = preSolution
		Debug|Any CPU = Debug|Any CPU
		Release|Any CPU = Release|Any CPU
	EndGlobalSection
	GlobalSection(ProjectConfigurationPlatforms) = postSolution
		{6975993A-C6A3-46A5-93F9-64D3CC9854EB}.Debug|Any CPU.ActiveCfg = Debug|Any CPU
		{6975993A-C6A3-46A5-93F9-64D3CC9854EB}.Debug|Any CPU.Build.0 = Debug|Any CPU
		{6975993A-C6A3-46A5-93F9-64D3CC9854EB}.Release|Any CPU.ActiveCfg = Release|Any CPU
		{6975993A-C6A3-46A5-93F9-64D3CC9854EB}.Release|Any CPU.Build.0 = Release|Any CPU
		{F267685E-C5B0-4807-AABD-0B25AF656B54}.Debug|Any CPU.ActiveCfg = Debug|Any CPU
		{F267685E-C5B0-4807-AABD-0B25AF656B54}.Debug|Any CPU.Build.0 = Debug|Any CPU
		{F267685E-C5B0-4807-AABD-0B25AF656B54}.Release|Any CPU.ActiveCfg = Release|Any CPU
		{F267685E-C5B0-4807-AABD-0B25AF656B54}.Release|Any CPU.Build.0 = Release|Any CPU
		{79132722-9373-418D-996A-F038845E68DF}.Debug|Any CPU.ActiveCfg = Debug|Any CPU
		{79132722-9373-418D-996A-F038845E68DF}.Debug|Any CPU.Build.0 = Debug|Any CPU
		{79132722-9373-418D-996A-F038845E68DF}.Release|Any CPU.ActiveCfg = Release|Any CPU
		{79132722-9373-418D-996A-F038845E68DF}.Release|Any CPU.Build.0 = Release|Any CPU
		{CC668DA3-0A5A-47E1-A1A2-F43B6DADA6BE}.Debug|Any CPU.ActiveCfg = Debug|Any CPU
		{CC668DA3-0A5A-47E1-A1A2-F43B6DADA6BE}.Debug|Any CPU.Build.0 = Debug|Any CPU
		{CC668DA3-0A5A-47E1-A1A2-F43B6DADA6BE}.Release|Any CPU.ActiveCfg = Release|Any CPU
		{CC668DA3-0A5A-47E1-A1A2-F43B6DADA6BE}.Release|Any CPU.Build.0 = Release|Any CPU
	EndGlobalSection
	GlobalSection(SolutionProperties) = preSolution
		HideSolutionNode = FALSE
	EndGlobalSection
	GlobalSection(ExtensibilityGlobals) = postSolution
		SolutionGuid = {6E84E43F-3FAD-4708-8381-8C096E0128A7}
	EndGlobalSection
EndGlobal
